// !$*UTF8*$!
{
	archiveVersion = 1;
	classes = {
	};
	objectVersion = 46;
	objects = {

/* Begin PBXBuildFile section */
		551C33621BE457EE008BE5FB /* SwiftyJSON.swift in Sources */ = {isa = PBXBuildFile; fileRef = 551C33611BE457EE008BE5FB /* SwiftyJSON.swift */; };
		551C337B1BE45AE7008BE5FB /* Alamofire.framework in Frameworks */ = {isa = PBXBuildFile; fileRef = 551C336E1BE45A9C008BE5FB /* Alamofire.framework */; };
		551C337C1BE45AE7008BE5FB /* Alamofire.framework in Embed Frameworks */ = {isa = PBXBuildFile; fileRef = 551C336E1BE45A9C008BE5FB /* Alamofire.framework */; settings = {ATTRIBUTES = (CodeSignOnCopy, RemoveHeadersOnCopy, ); }; };
		551C33811BE45B13008BE5FB /* RedditService.swift in Sources */ = {isa = PBXBuildFile; fileRef = 551C33801BE45B13008BE5FB /* RedditService.swift */; };
		55B284BD1BE31F8E001E1803 /* AppDelegate.swift in Sources */ = {isa = PBXBuildFile; fileRef = 55B284BC1BE31F8E001E1803 /* AppDelegate.swift */; };
		55B284C21BE31F8E001E1803 /* Main.storyboard in Resources */ = {isa = PBXBuildFile; fileRef = 55B284C01BE31F8E001E1803 /* Main.storyboard */; };
		55B284C51BE31F8E001E1803 /* Redditate.xcdatamodeld in Sources */ = {isa = PBXBuildFile; fileRef = 55B284C31BE31F8E001E1803 /* Redditate.xcdatamodeld */; };
		55B284C71BE31F8E001E1803 /* Assets.xcassets in Resources */ = {isa = PBXBuildFile; fileRef = 55B284C61BE31F8E001E1803 /* Assets.xcassets */; };
		55B284CA1BE31F8E001E1803 /* LaunchScreen.storyboard in Resources */ = {isa = PBXBuildFile; fileRef = 55B284C81BE31F8E001E1803 /* LaunchScreen.storyboard */; };
		55B284D51BE31F8E001E1803 /* RedditateTests.swift in Sources */ = {isa = PBXBuildFile; fileRef = 55B284D41BE31F8E001E1803 /* RedditateTests.swift */; };
		55B284E01BE31F8E001E1803 /* RedditateUITests.swift in Sources */ = {isa = PBXBuildFile; fileRef = 55B284DF1BE31F8E001E1803 /* RedditateUITests.swift */; };
		55B284EE1BE3218D001E1803 /* PostsTableViewController.swift in Sources */ = {isa = PBXBuildFile; fileRef = 55B284ED1BE3218D001E1803 /* PostsTableViewController.swift */; };
		55B284F21BE326A6001E1803 /* PostTableViewCell.swift in Sources */ = {isa = PBXBuildFile; fileRef = 55B284F11BE326A6001E1803 /* PostTableViewCell.swift */; };
		55B284F41BE332F9001E1803 /* FixtureData.swift in Sources */ = {isa = PBXBuildFile; fileRef = 55B284F31BE332F9001E1803 /* FixtureData.swift */; };
/* End PBXBuildFile section */

/* Begin PBXContainerItemProxy section */
		551C336D1BE45A9C008BE5FB /* PBXContainerItemProxy */ = {
			isa = PBXContainerItemProxy;
			containerPortal = 551C33631BE45A9C008BE5FB /* Alamofire.xcodeproj */;
			proxyType = 2;
			remoteGlobalIDString = F8111E3319A95C8B0040E7D1;
			remoteInfo = "Alamofire iOS";
		};
		551C336F1BE45A9C008BE5FB /* PBXContainerItemProxy */ = {
			isa = PBXContainerItemProxy;
			containerPortal = 551C33631BE45A9C008BE5FB /* Alamofire.xcodeproj */;
			proxyType = 2;
			remoteGlobalIDString = F8111E3E19A95C8B0040E7D1;
			remoteInfo = "Alamofire iOS Tests";
		};
		551C33711BE45A9C008BE5FB /* PBXContainerItemProxy */ = {
			isa = PBXContainerItemProxy;
			containerPortal = 551C33631BE45A9C008BE5FB /* Alamofire.xcodeproj */;
			proxyType = 2;
			remoteGlobalIDString = 4DD67C0B1A5C55C900ED2280;
			remoteInfo = "Alamofire OSX";
		};
		551C33731BE45A9C008BE5FB /* PBXContainerItemProxy */ = {
			isa = PBXContainerItemProxy;
			containerPortal = 551C33631BE45A9C008BE5FB /* Alamofire.xcodeproj */;
			proxyType = 2;
			remoteGlobalIDString = F829C6B21A7A94F100A2CD59;
			remoteInfo = "Alamofire OSX Tests";
		};
		551C33751BE45A9C008BE5FB /* PBXContainerItemProxy */ = {
			isa = PBXContainerItemProxy;
			containerPortal = 551C33631BE45A9C008BE5FB /* Alamofire.xcodeproj */;
			proxyType = 2;
			remoteGlobalIDString = 4CF626EF1BA7CB3E0011A099;
			remoteInfo = "Alamofire tvOS";
		};
		551C33771BE45A9C008BE5FB /* PBXContainerItemProxy */ = {
			isa = PBXContainerItemProxy;
			containerPortal = 551C33631BE45A9C008BE5FB /* Alamofire.xcodeproj */;
			proxyType = 2;
			remoteGlobalIDString = 4CF626F81BA7CB3E0011A099;
			remoteInfo = "Alamofire tvOS Tests";
		};
		551C33791BE45A9C008BE5FB /* PBXContainerItemProxy */ = {
			isa = PBXContainerItemProxy;
			containerPortal = 551C33631BE45A9C008BE5FB /* Alamofire.xcodeproj */;
			proxyType = 2;
			remoteGlobalIDString = E4202FE01B667AA100C997FB;
			remoteInfo = "Alamofire watchOS";
		};
		551C337D1BE45AE7008BE5FB /* PBXContainerItemProxy */ = {
			isa = PBXContainerItemProxy;
			containerPortal = 551C33631BE45A9C008BE5FB /* Alamofire.xcodeproj */;
			proxyType = 1;
			remoteGlobalIDString = F8111E3219A95C8B0040E7D1;
			remoteInfo = "Alamofire iOS";
		};
		55B284D11BE31F8E001E1803 /* PBXContainerItemProxy */ = {
			isa = PBXContainerItemProxy;
			containerPortal = 55B284B11BE31F8D001E1803 /* Project object */;
			proxyType = 1;
			remoteGlobalIDString = 55B284B81BE31F8D001E1803;
			remoteInfo = Redditate;
		};
		55B284DC1BE31F8E001E1803 /* PBXContainerItemProxy */ = {
			isa = PBXContainerItemProxy;
			containerPortal = 55B284B11BE31F8D001E1803 /* Project object */;
			proxyType = 1;
			remoteGlobalIDString = 55B284B81BE31F8D001E1803;
			remoteInfo = Redditate;
		};
/* End PBXContainerItemProxy section */

/* Begin PBXCopyFilesBuildPhase section */
		551C337F1BE45AE7008BE5FB /* Embed Frameworks */ = {
			isa = PBXCopyFilesBuildPhase;
			buildActionMask = 2147483647;
			dstPath = "";
			dstSubfolderSpec = 10;
			files = (
				551C337C1BE45AE7008BE5FB /* Alamofire.framework in Embed Frameworks */,
			);
			name = "Embed Frameworks";
			runOnlyForDeploymentPostprocessing = 0;
		};
/* End PBXCopyFilesBuildPhase section */

/* Begin PBXFileReference section */
		551C33611BE457EE008BE5FB /* SwiftyJSON.swift */ = {isa = PBXFileReference; fileEncoding = 4; lastKnownFileType = sourcecode.swift; path = SwiftyJSON.swift; sourceTree = "<group>"; };
		551C33631BE45A9C008BE5FB /* Alamofire.xcodeproj */ = {isa = PBXFileReference; lastKnownFileType = "wrapper.pb-project"; name = Alamofire.xcodeproj; path = "Alamofire-master/Alamofire.xcodeproj"; sourceTree = "<group>"; };
		551C33801BE45B13008BE5FB /* RedditService.swift */ = {isa = PBXFileReference; fileEncoding = 4; lastKnownFileType = sourcecode.swift; path = RedditService.swift; sourceTree = "<group>"; };
		55B284B91BE31F8D001E1803 /* Redditate.app */ = {isa = PBXFileReference; explicitFileType = wrapper.application; includeInIndex = 0; path = Redditate.app; sourceTree = BUILT_PRODUCTS_DIR; };
		55B284BC1BE31F8E001E1803 /* AppDelegate.swift */ = {isa = PBXFileReference; lastKnownFileType = sourcecode.swift; path = AppDelegate.swift; sourceTree = "<group>"; };
		55B284C11BE31F8E001E1803 /* Base */ = {isa = PBXFileReference; lastKnownFileType = file.storyboard; name = Base; path = Base.lproj/Main.storyboard; sourceTree = "<group>"; };
		55B284C41BE31F8E001E1803 /* Redditate.xcdatamodel */ = {isa = PBXFileReference; lastKnownFileType = wrapper.xcdatamodel; path = Redditate.xcdatamodel; sourceTree = "<group>"; };
		55B284C61BE31F8E001E1803 /* Assets.xcassets */ = {isa = PBXFileReference; lastKnownFileType = folder.assetcatalog; path = Assets.xcassets; sourceTree = "<group>"; };
		55B284C91BE31F8E001E1803 /* Base */ = {isa = PBXFileReference; lastKnownFileType = file.storyboard; name = Base; path = Base.lproj/LaunchScreen.storyboard; sourceTree = "<group>"; };
		55B284CB1BE31F8E001E1803 /* Info.plist */ = {isa = PBXFileReference; lastKnownFileType = text.plist.xml; path = Info.plist; sourceTree = "<group>"; };
		55B284D01BE31F8E001E1803 /* RedditateTests.xctest */ = {isa = PBXFileReference; explicitFileType = wrapper.cfbundle; includeInIndex = 0; path = RedditateTests.xctest; sourceTree = BUILT_PRODUCTS_DIR; };
		55B284D41BE31F8E001E1803 /* RedditateTests.swift */ = {isa = PBXFileReference; lastKnownFileType = sourcecode.swift; path = RedditateTests.swift; sourceTree = "<group>"; };
		55B284D61BE31F8E001E1803 /* Info.plist */ = {isa = PBXFileReference; lastKnownFileType = text.plist.xml; path = Info.plist; sourceTree = "<group>"; };
		55B284DB1BE31F8E001E1803 /* RedditateUITests.xctest */ = {isa = PBXFileReference; explicitFileType = wrapper.cfbundle; includeInIndex = 0; path = RedditateUITests.xctest; sourceTree = BUILT_PRODUCTS_DIR; };
		55B284DF1BE31F8E001E1803 /* RedditateUITests.swift */ = {isa = PBXFileReference; lastKnownFileType = sourcecode.swift; path = RedditateUITests.swift; sourceTree = "<group>"; };
		55B284E11BE31F8E001E1803 /* Info.plist */ = {isa = PBXFileReference; lastKnownFileType = text.plist.xml; path = Info.plist; sourceTree = "<group>"; };
		55B284ED1BE3218D001E1803 /* PostsTableViewController.swift */ = {isa = PBXFileReference; fileEncoding = 4; lastKnownFileType = sourcecode.swift; path = PostsTableViewController.swift; sourceTree = "<group>"; };
		55B284F11BE326A6001E1803 /* PostTableViewCell.swift */ = {isa = PBXFileReference; fileEncoding = 4; lastKnownFileType = sourcecode.swift; path = PostTableViewCell.swift; sourceTree = "<group>"; };
		55B284F31BE332F9001E1803 /* FixtureData.swift */ = {isa = PBXFileReference; fileEncoding = 4; lastKnownFileType = sourcecode.swift; path = FixtureData.swift; sourceTree = "<group>"; };
/* End PBXFileReference section */

/* Begin PBXFrameworksBuildPhase section */
		55B284B61BE31F8D001E1803 /* Frameworks */ = {
			isa = PBXFrameworksBuildPhase;
			buildActionMask = 2147483647;
			files = (
				551C337B1BE45AE7008BE5FB /* Alamofire.framework in Frameworks */,
			);
			runOnlyForDeploymentPostprocessing = 0;
		};
		55B284CD1BE31F8E001E1803 /* Frameworks */ = {
			isa = PBXFrameworksBuildPhase;
			buildActionMask = 2147483647;
			files = (
			);
			runOnlyForDeploymentPostprocessing = 0;
		};
		55B284D81BE31F8E001E1803 /* Frameworks */ = {
			isa = PBXFrameworksBuildPhase;
			buildActionMask = 2147483647;
			files = (
			);
			runOnlyForDeploymentPostprocessing = 0;
		};
/* End PBXFrameworksBuildPhase section */

/* Begin PBXGroup section */
		551C33641BE45A9C008BE5FB /* Products */ = {
			isa = PBXGroup;
			children = (
				551C336E1BE45A9C008BE5FB /* Alamofire.framework */,
				551C33701BE45A9C008BE5FB /* Alamofire iOS Tests.xctest */,
				551C33721BE45A9C008BE5FB /* Alamofire.framework */,
				551C33741BE45A9C008BE5FB /* Alamofire OSX Tests.xctest */,
				551C33761BE45A9C008BE5FB /* Alamofire.framework */,
				551C33781BE45A9C008BE5FB /* Alamofire tvOS Tests.xctest */,
				551C337A1BE45A9C008BE5FB /* Alamofire.framework */,
			);
			name = Products;
			sourceTree = "<group>";
		};
		55B284B01BE31F8D001E1803 = {
			isa = PBXGroup;
			children = (
				55B284BB1BE31F8E001E1803 /* Redditate */,
				55B284D31BE31F8E001E1803 /* RedditateTests */,
				55B284DE1BE31F8E001E1803 /* RedditateUITests */,
				55B284BA1BE31F8D001E1803 /* Products */,
				551C33631BE45A9C008BE5FB /* Alamofire.xcodeproj */,
			);
			sourceTree = "<group>";
		};
		55B284BA1BE31F8D001E1803 /* Products */ = {
			isa = PBXGroup;
			children = (
				55B284B91BE31F8D001E1803 /* Redditate.app */,
				55B284D01BE31F8E001E1803 /* RedditateTests.xctest */,
				55B284DB1BE31F8E001E1803 /* RedditateUITests.xctest */,
			);
			name = Products;
			sourceTree = "<group>";
		};
		55B284BB1BE31F8E001E1803 /* Redditate */ = {
			isa = PBXGroup;
			children = (
				551C33611BE457EE008BE5FB /* SwiftyJSON.swift */,
				55B284BC1BE31F8E001E1803 /* AppDelegate.swift */,
				55B284ED1BE3218D001E1803 /* PostsTableViewController.swift */,
				55B284F11BE326A6001E1803 /* PostTableViewCell.swift */,
				55B284F31BE332F9001E1803 /* FixtureData.swift */,
				551C33801BE45B13008BE5FB /* RedditService.swift */,
				55B284C01BE31F8E001E1803 /* Main.storyboard */,
				55B284C61BE31F8E001E1803 /* Assets.xcassets */,
				55B284C81BE31F8E001E1803 /* LaunchScreen.storyboard */,
				55B284CB1BE31F8E001E1803 /* Info.plist */,
				55B284C31BE31F8E001E1803 /* Redditate.xcdatamodeld */,
			);
			path = Redditate;
			sourceTree = "<group>";
		};
		55B284D31BE31F8E001E1803 /* RedditateTests */ = {
			isa = PBXGroup;
			children = (
				55B284D41BE31F8E001E1803 /* RedditateTests.swift */,
				55B284D61BE31F8E001E1803 /* Info.plist */,
			);
			path = RedditateTests;
			sourceTree = "<group>";
		};
		55B284DE1BE31F8E001E1803 /* RedditateUITests */ = {
			isa = PBXGroup;
			children = (
				55B284DF1BE31F8E001E1803 /* RedditateUITests.swift */,
				55B284E11BE31F8E001E1803 /* Info.plist */,
			);
			path = RedditateUITests;
			sourceTree = "<group>";
		};
/* End PBXGroup section */

/* Begin PBXNativeTarget section */
		55B284B81BE31F8D001E1803 /* Redditate */ = {
			isa = PBXNativeTarget;
			buildConfigurationList = 55B284E41BE31F8E001E1803 /* Build configuration list for PBXNativeTarget "Redditate" */;
			buildPhases = (
				55B284B51BE31F8D001E1803 /* Sources */,
				55B284B61BE31F8D001E1803 /* Frameworks */,
				55B284B71BE31F8D001E1803 /* Resources */,
				551C337F1BE45AE7008BE5FB /* Embed Frameworks */,
			);
			buildRules = (
			);
			dependencies = (
				551C337E1BE45AE7008BE5FB /* PBXTargetDependency */,
			);
			name = Redditate;
			productName = Redditate;
			productReference = 55B284B91BE31F8D001E1803 /* Redditate.app */;
			productType = "com.apple.product-type.application";
		};
		55B284CF1BE31F8E001E1803 /* RedditateTests */ = {
			isa = PBXNativeTarget;
			buildConfigurationList = 55B284E71BE31F8E001E1803 /* Build configuration list for PBXNativeTarget "RedditateTests" */;
			buildPhases = (
				55B284CC1BE31F8E001E1803 /* Sources */,
				55B284CD1BE31F8E001E1803 /* Frameworks */,
				55B284CE1BE31F8E001E1803 /* Resources */,
			);
			buildRules = (
			);
			dependencies = (
				55B284D21BE31F8E001E1803 /* PBXTargetDependency */,
			);
			name = RedditateTests;
			productName = RedditateTests;
			productReference = 55B284D01BE31F8E001E1803 /* RedditateTests.xctest */;
			productType = "com.apple.product-type.bundle.unit-test";
		};
		55B284DA1BE31F8E001E1803 /* RedditateUITests */ = {
			isa = PBXNativeTarget;
			buildConfigurationList = 55B284EA1BE31F8E001E1803 /* Build configuration list for PBXNativeTarget "RedditateUITests" */;
			buildPhases = (
				55B284D71BE31F8E001E1803 /* Sources */,
				55B284D81BE31F8E001E1803 /* Frameworks */,
				55B284D91BE31F8E001E1803 /* Resources */,
			);
			buildRules = (
			);
			dependencies = (
				55B284DD1BE31F8E001E1803 /* PBXTargetDependency */,
			);
			name = RedditateUITests;
			productName = RedditateUITests;
			productReference = 55B284DB1BE31F8E001E1803 /* RedditateUITests.xctest */;
			productType = "com.apple.product-type.bundle.ui-testing";
		};
/* End PBXNativeTarget section */

/* Begin PBXProject section */
		55B284B11BE31F8D001E1803 /* Project object */ = {
			isa = PBXProject;
			attributes = {
				LastSwiftUpdateCheck = 0710;
				LastUpgradeCheck = 0710;
				ORGANIZATIONNAME = "David Gamache";
				TargetAttributes = {
					55B284B81BE31F8D001E1803 = {
						CreatedOnToolsVersion = 7.1;
						DevelopmentTeam = B2NFV9BAMG;
					};
					55B284CF1BE31F8E001E1803 = {
						CreatedOnToolsVersion = 7.1;
						DevelopmentTeam = B2NFV9BAMG;
						TestTargetID = 55B284B81BE31F8D001E1803;
					};
					55B284DA1BE31F8E001E1803 = {
						CreatedOnToolsVersion = 7.1;
						DevelopmentTeam = B2NFV9BAMG;
						TestTargetID = 55B284B81BE31F8D001E1803;
					};
				};
			};
			buildConfigurationList = 55B284B41BE31F8D001E1803 /* Build configuration list for PBXProject "Redditate" */;
			compatibilityVersion = "Xcode 3.2";
			developmentRegion = English;
			hasScannedForEncodings = 0;
			knownRegions = (
				en,
				Base,
			);
			mainGroup = 55B284B01BE31F8D001E1803;
			productRefGroup = 55B284BA1BE31F8D001E1803 /* Products */;
			projectDirPath = "";
			projectReferences = (
				{
					ProductGroup = 551C33641BE45A9C008BE5FB /* Products */;
					ProjectRef = 551C33631BE45A9C008BE5FB /* Alamofire.xcodeproj */;
				},
			);
			projectRoot = "";
			targets = (
				55B284B81BE31F8D001E1803 /* Redditate */,
				55B284CF1BE31F8E001E1803 /* RedditateTests */,
				55B284DA1BE31F8E001E1803 /* RedditateUITests */,
			);
		};
/* End PBXProject section */

/* Begin PBXReferenceProxy section */
		551C336E1BE45A9C008BE5FB /* Alamofire.framework */ = {
			isa = PBXReferenceProxy;
			fileType = wrapper.framework;
			path = Alamofire.framework;
			remoteRef = 551C336D1BE45A9C008BE5FB /* PBXContainerItemProxy */;
			sourceTree = BUILT_PRODUCTS_DIR;
		};
		551C33701BE45A9C008BE5FB /* Alamofire iOS Tests.xctest */ = {
			isa = PBXReferenceProxy;
			fileType = wrapper.cfbundle;
			path = "Alamofire iOS Tests.xctest";
			remoteRef = 551C336F1BE45A9C008BE5FB /* PBXContainerItemProxy */;
			sourceTree = BUILT_PRODUCTS_DIR;
		};
		551C33721BE45A9C008BE5FB /* Alamofire.framework */ = {
			isa = PBXReferenceProxy;
			fileType = wrapper.framework;
			path = Alamofire.framework;
			remoteRef = 551C33711BE45A9C008BE5FB /* PBXContainerItemProxy */;
			sourceTree = BUILT_PRODUCTS_DIR;
		};
		551C33741BE45A9C008BE5FB /* Alamofire OSX Tests.xctest */ = {
			isa = PBXReferenceProxy;
			fileType = wrapper.cfbundle;
			path = "Alamofire OSX Tests.xctest";
			remoteRef = 551C33731BE45A9C008BE5FB /* PBXContainerItemProxy */;
			sourceTree = BUILT_PRODUCTS_DIR;
		};
		551C33761BE45A9C008BE5FB /* Alamofire.framework */ = {
			isa = PBXReferenceProxy;
			fileType = wrapper.framework;
			path = Alamofire.framework;
			remoteRef = 551C33751BE45A9C008BE5FB /* PBXContainerItemProxy */;
			sourceTree = BUILT_PRODUCTS_DIR;
		};
		551C33781BE45A9C008BE5FB /* Alamofire tvOS Tests.xctest */ = {
			isa = PBXReferenceProxy;
			fileType = wrapper.cfbundle;
			path = "Alamofire tvOS Tests.xctest";
			remoteRef = 551C33771BE45A9C008BE5FB /* PBXContainerItemProxy */;
			sourceTree = BUILT_PRODUCTS_DIR;
		};
		551C337A1BE45A9C008BE5FB /* Alamofire.framework */ = {
			isa = PBXReferenceProxy;
			fileType = wrapper.framework;
			path = Alamofire.framework;
			remoteRef = 551C33791BE45A9C008BE5FB /* PBXContainerItemProxy */;
			sourceTree = BUILT_PRODUCTS_DIR;
		};
/* End PBXReferenceProxy section */

/* Begin PBXResourcesBuildPhase section */
		55B284B71BE31F8D001E1803 /* Resources */ = {
			isa = PBXResourcesBuildPhase;
			buildActionMask = 2147483647;
			files = (
				55B284CA1BE31F8E001E1803 /* LaunchScreen.storyboard in Resources */,
				55B284C71BE31F8E001E1803 /* Assets.xcassets in Resources */,
				55B284C21BE31F8E001E1803 /* Main.storyboard in Resources */,
			);
			runOnlyForDeploymentPostprocessing = 0;
		};
		55B284CE1BE31F8E001E1803 /* Resources */ = {
			isa = PBXResourcesBuildPhase;
			buildActionMask = 2147483647;
			files = (
			);
			runOnlyForDeploymentPostprocessing = 0;
		};
		55B284D91BE31F8E001E1803 /* Resources */ = {
			isa = PBXResourcesBuildPhase;
			buildActionMask = 2147483647;
			files = (
			);
			runOnlyForDeploymentPostprocessing = 0;
		};
/* End PBXResourcesBuildPhase section */

/* Begin PBXSourcesBuildPhase section */
		55B284B51BE31F8D001E1803 /* Sources */ = {
			isa = PBXSourcesBuildPhase;
			buildActionMask = 2147483647;
			files = (
				55B284F41BE332F9001E1803 /* FixtureData.swift in Sources */,
				551C33811BE45B13008BE5FB /* RedditService.swift in Sources */,
				55B284C51BE31F8E001E1803 /* Redditate.xcdatamodeld in Sources */,
				55B284BD1BE31F8E001E1803 /* AppDelegate.swift in Sources */,
				551C33621BE457EE008BE5FB /* SwiftyJSON.swift in Sources */,
				55B284EE1BE3218D001E1803 /* PostsTableViewController.swift in Sources */,
				55B284F21BE326A6001E1803 /* PostTableViewCell.swift in Sources */,
			);
			runOnlyForDeploymentPostprocessing = 0;
		};
		55B284CC1BE31F8E001E1803 /* Sources */ = {
			isa = PBXSourcesBuildPhase;
			buildActionMask = 2147483647;
			files = (
				55B284D51BE31F8E001E1803 /* RedditateTests.swift in Sources */,
			);
			runOnlyForDeploymentPostprocessing = 0;
		};
		55B284D71BE31F8E001E1803 /* Sources */ = {
			isa = PBXSourcesBuildPhase;
			buildActionMask = 2147483647;
			files = (
				55B284E01BE31F8E001E1803 /* RedditateUITests.swift in Sources */,
			);
			runOnlyForDeploymentPostprocessing = 0;
		};
/* End PBXSourcesBuildPhase section */

/* Begin PBXTargetDependency section */
		551C337E1BE45AE7008BE5FB /* PBXTargetDependency */ = {
			isa = PBXTargetDependency;
			name = "Alamofire iOS";
			targetProxy = 551C337D1BE45AE7008BE5FB /* PBXContainerItemProxy */;
		};
		55B284D21BE31F8E001E1803 /* PBXTargetDependency */ = {
			isa = PBXTargetDependency;
			target = 55B284B81BE31F8D001E1803 /* Redditate */;
			targetProxy = 55B284D11BE31F8E001E1803 /* PBXContainerItemProxy */;
		};
		55B284DD1BE31F8E001E1803 /* PBXTargetDependency */ = {
			isa = PBXTargetDependency;
			target = 55B284B81BE31F8D001E1803 /* Redditate */;
			targetProxy = 55B284DC1BE31F8E001E1803 /* PBXContainerItemProxy */;
		};
/* End PBXTargetDependency section */

/* Begin PBXVariantGroup section */
		55B284C01BE31F8E001E1803 /* Main.storyboard */ = {
			isa = PBXVariantGroup;
			children = (
				55B284C11BE31F8E001E1803 /* Base */,
			);
			name = Main.storyboard;
			sourceTree = "<group>";
		};
		55B284C81BE31F8E001E1803 /* LaunchScreen.storyboard */ = {
			isa = PBXVariantGroup;
			children = (
				55B284C91BE31F8E001E1803 /* Base */,
			);
			name = LaunchScreen.storyboard;
			sourceTree = "<group>";
		};
/* End PBXVariantGroup section */

/* Begin XCBuildConfiguration section */
		55B284E21BE31F8E001E1803 /* Debug */ = {
			isa = XCBuildConfiguration;
			buildSettings = {
				ALWAYS_SEARCH_USER_PATHS = NO;
				CLANG_CXX_LANGUAGE_STANDARD = "gnu++0x";
				CLANG_CXX_LIBRARY = "libc++";
				CLANG_ENABLE_MODULES = YES;
				CLANG_ENABLE_OBJC_ARC = YES;
				CLANG_WARN_BOOL_CONVERSION = YES;
				CLANG_WARN_CONSTANT_CONVERSION = YES;
				CLANG_WARN_DIRECT_OBJC_ISA_USAGE = YES_ERROR;
				CLANG_WARN_EMPTY_BODY = YES;
				CLANG_WARN_ENUM_CONVERSION = YES;
				CLANG_WARN_INT_CONVERSION = YES;
				CLANG_WARN_OBJC_ROOT_CLASS = YES_ERROR;
				CLANG_WARN_UNREACHABLE_CODE = YES;
				CLANG_WARN__DUPLICATE_METHOD_MATCH = YES;
				"CODE_SIGN_IDENTITY[sdk=iphoneos*]" = "iPhone Developer";
				COPY_PHASE_STRIP = NO;
				DEBUG_INFORMATION_FORMAT = dwarf;
				ENABLE_STRICT_OBJC_MSGSEND = YES;
				ENABLE_TESTABILITY = YES;
				GCC_C_LANGUAGE_STANDARD = gnu99;
				GCC_DYNAMIC_NO_PIC = NO;
				GCC_NO_COMMON_BLOCKS = YES;
				GCC_OPTIMIZATION_LEVEL = 0;
				GCC_PREPROCESSOR_DEFINITIONS = (
					"DEBUG=1",
					"$(inherited)",
				);
				GCC_WARN_64_TO_32_BIT_CONVERSION = YES;
				GCC_WARN_ABOUT_RETURN_TYPE = YES_ERROR;
				GCC_WARN_UNDECLARED_SELECTOR = YES;
				GCC_WARN_UNINITIALIZED_AUTOS = YES_AGGRESSIVE;
				GCC_WARN_UNUSED_FUNCTION = YES;
				GCC_WARN_UNUSED_VARIABLE = YES;
				IPHONEOS_DEPLOYMENT_TARGET = 9.1;
				MTL_ENABLE_DEBUG_INFO = YES;
				ONLY_ACTIVE_ARCH = YES;
				SDKROOT = iphoneos;
				SWIFT_OPTIMIZATION_LEVEL = "-Onone";
			};
			name = Debug;
		};
		55B284E31BE31F8E001E1803 /* Release */ = {
			isa = XCBuildConfiguration;
			buildSettings = {
				ALWAYS_SEARCH_USER_PATHS = NO;
				CLANG_CXX_LANGUAGE_STANDARD = "gnu++0x";
				CLANG_CXX_LIBRARY = "libc++";
				CLANG_ENABLE_MODULES = YES;
				CLANG_ENABLE_OBJC_ARC = YES;
				CLANG_WARN_BOOL_CONVERSION = YES;
				CLANG_WARN_CONSTANT_CONVERSION = YES;
				CLANG_WARN_DIRECT_OBJC_ISA_USAGE = YES_ERROR;
				CLANG_WARN_EMPTY_BODY = YES;
				CLANG_WARN_ENUM_CONVERSION = YES;
				CLANG_WARN_INT_CONVERSION = YES;
				CLANG_WARN_OBJC_ROOT_CLASS = YES_ERROR;
				CLANG_WARN_UNREACHABLE_CODE = YES;
				CLANG_WARN__DUPLICATE_METHOD_MATCH = YES;
				"CODE_SIGN_IDENTITY[sdk=iphoneos*]" = "iPhone Developer";
				COPY_PHASE_STRIP = NO;
				DEBUG_INFORMATION_FORMAT = "dwarf-with-dsym";
				ENABLE_NS_ASSERTIONS = NO;
				ENABLE_STRICT_OBJC_MSGSEND = YES;
				GCC_C_LANGUAGE_STANDARD = gnu99;
				GCC_NO_COMMON_BLOCKS = YES;
				GCC_WARN_64_TO_32_BIT_CONVERSION = YES;
				GCC_WARN_ABOUT_RETURN_TYPE = YES_ERROR;
				GCC_WARN_UNDECLARED_SELECTOR = YES;
				GCC_WARN_UNINITIALIZED_AUTOS = YES_AGGRESSIVE;
				GCC_WARN_UNUSED_FUNCTION = YES;
				GCC_WARN_UNUSED_VARIABLE = YES;
				IPHONEOS_DEPLOYMENT_TARGET = 9.1;
				MTL_ENABLE_DEBUG_INFO = NO;
				SDKROOT = iphoneos;
				VALIDATE_PRODUCT = YES;
			};
			name = Release;
		};
		55B284E51BE31F8E001E1803 /* Debug */ = {
			isa = XCBuildConfiguration;
			buildSettings = {
				ASSETCATALOG_COMPILER_APPICON_NAME = AppIcon;
				EMBEDDED_CONTENT_CONTAINS_SWIFT = YES;
				INFOPLIST_FILE = Redditate/Info.plist;
				LD_RUNPATH_SEARCH_PATHS = "$(inherited) @executable_path/Frameworks";
				PRODUCT_BUNDLE_IDENTIFIER = com.redditate.Redditate;
				PRODUCT_NAME = "$(TARGET_NAME)";
			};
			name = Debug;
		};
		55B284E61BE31F8E001E1803 /* Release */ = {
			isa = XCBuildConfiguration;
			buildSettings = {
				ASSETCATALOG_COMPILER_APPICON_NAME = AppIcon;
				EMBEDDED_CONTENT_CONTAINS_SWIFT = YES;
				INFOPLIST_FILE = Redditate/Info.plist;
				LD_RUNPATH_SEARCH_PATHS = "$(inherited) @executable_path/Frameworks";
				PRODUCT_BUNDLE_IDENTIFIER = com.redditate.Redditate;
				PRODUCT_NAME = "$(TARGET_NAME)";
			};
			name = Release;
		};
		55B284E81BE31F8E001E1803 /* Debug */ = {
			isa = XCBuildConfiguration;
			buildSettings = {
				BUNDLE_LOADER = "$(TEST_HOST)";
				INFOPLIST_FILE = RedditateTests/Info.plist;
				LD_RUNPATH_SEARCH_PATHS = "$(inherited) @executable_path/Frameworks @loader_path/Frameworks";
				PRODUCT_BUNDLE_IDENTIFIER = com.redditate.RedditateTests;
				PRODUCT_NAME = "$(TARGET_NAME)";
				TEST_HOST = "$(BUILT_PRODUCTS_DIR)/Redditate.app/Redditate";
			};
			name = Debug;
		};
		55B284E91BE31F8E001E1803 /* Release */ = {
			isa = XCBuildConfiguration;
			buildSettings = {
				BUNDLE_LOADER = "$(TEST_HOST)";
				INFOPLIST_FILE = RedditateTests/Info.plist;
				LD_RUNPATH_SEARCH_PATHS = "$(inherited) @executable_path/Frameworks @loader_path/Frameworks";
				PRODUCT_BUNDLE_IDENTIFIER = com.redditate.RedditateTests;
				PRODUCT_NAME = "$(TARGET_NAME)";
				TEST_HOST = "$(BUILT_PRODUCTS_DIR)/Redditate.app/Redditate";
			};
			name = Release;
		};
		55B284EB1BE31F8E001E1803 /* Debug */ = {
			isa = XCBuildConfiguration;
			buildSettings = {
				INFOPLIST_FILE = RedditateUITests/Info.plist;
				LD_RUNPATH_SEARCH_PATHS = "$(inherited) @executable_path/Frameworks @loader_path/Frameworks";
				PRODUCT_BUNDLE_IDENTIFIER = com.redditate.RedditateUITests;
				PRODUCT_NAME = "$(TARGET_NAME)";
				TEST_TARGET_NAME = Redditate;
				USES_XCTRUNNER = YES;
			};
			name = Debug;
		};
		55B284EC1BE31F8E001E1803 /* Release */ = {
			isa = XCBuildConfiguration;
			buildSettings = {
				INFOPLIST_FILE = RedditateUITests/Info.plist;
				LD_RUNPATH_SEARCH_PATHS = "$(inherited) @executable_path/Frameworks @loader_path/Frameworks";
				PRODUCT_BUNDLE_IDENTIFIER = com.redditate.RedditateUITests;
				PRODUCT_NAME = "$(TARGET_NAME)";
				TEST_TARGET_NAME = Redditate;
				USES_XCTRUNNER = YES;
			};
			name = Release;
		};
/* End XCBuildConfiguration section */

/* Begin XCConfigurationList section */
		55B284B41BE31F8D001E1803 /* Build configuration list for PBXProject "Redditate" */ = {
			isa = XCConfigurationList;
			buildConfigurations = (
				55B284E21BE31F8E001E1803 /* Debug */,
				55B284E31BE31F8E001E1803 /* Release */,
			);
			defaultConfigurationIsVisible = 0;
			defaultConfigurationName = Release;
		};
		55B284E41BE31F8E001E1803 /* Build configuration list for PBXNativeTarget "Redditate" */ = {
			isa = XCConfigurationList;
			buildConfigurations = (
				55B284E51BE31F8E001E1803 /* Debug */,
				55B284E61BE31F8E001E1803 /* Release */,
			);
			defaultConfigurationIsVisible = 0;
			defaultConfigurationName = Release;
		};
		55B284E71BE31F8E001E1803 /* Build configuration list for PBXNativeTarget "RedditateTests" */ = {
			isa = XCConfigurationList;
			buildConfigurations = (
				55B284E81BE31F8E001E1803 /* Debug */,
				55B284E91BE31F8E001E1803 /* Release */,
			);
			defaultConfigurationIsVisible = 0;
			defaultConfigurationName = Release;
		};
		55B284EA1BE31F8E001E1803 /* Build configuration list for PBXNativeTarget "RedditateUITests" */ = {
			isa = XCConfigurationList;
			buildConfigurations = (
				55B284EB1BE31F8E001E1803 /* Debug */,
				55B284EC1BE31F8E001E1803 /* Release */,
			);
			defaultConfigurationIsVisible = 0;
			defaultConfigurationName = Release;
		};
/* End XCConfigurationList section */

/* Begin XCVersionGroup section */
		55B284C31BE31F8E001E1803 /* Redditate.xcdatamodeld */ = {
			isa = XCVersionGroup;
			children = (
				55B284C41BE31F8E001E1803 /* Redditate.xcdatamodel */,
			);
			currentVersion = 55B284C41BE31F8E001E1803 /* Redditate.xcdatamodel */;
			path = Redditate.xcdatamodeld;
			sourceTree = "<group>";
			versionGroupType = wrapper.xcdatamodel;
		};
/* End XCVersionGroup section */
	};
	rootObject = 55B284B11BE31F8D001E1803 /* Project object */;
}
